// !$*UTF8*$!
{
	archiveVersion = 1;
	classes = {
	};
	objectVersion = 55;
	objects = {

/* Begin PBXBuildFile section */
		EF0B5AE2275EEEDB0007329F /* SpacePodApp.swift in Sources */ = {isa = PBXBuildFile; fileRef = EF0B5AE1275EEEDB0007329F /* SpacePodApp.swift */; };
		EF0B5AE4275EEEDB0007329F /* ContentView.swift in Sources */ = {isa = PBXBuildFile; fileRef = EF0B5AE3275EEEDB0007329F /* ContentView.swift */; };
		EF0B5AE6275EEEDD0007329F /* Assets.xcassets in Resources */ = {isa = PBXBuildFile; fileRef = EF0B5AE5275EEEDD0007329F /* Assets.xcassets */; };
		EF0B5AE9275EEEDD0007329F /* Preview Assets.xcassets in Resources */ = {isa = PBXBuildFile; fileRef = EF0B5AE8275EEEDD0007329F /* Preview Assets.xcassets */; };
		EF0B5AF0275EFD6A0007329F /* Pod.swift in Sources */ = {isa = PBXBuildFile; fileRef = EF0B5AEF275EFD6A0007329F /* Pod.swift */; };
		EF0B5AF2275EFD810007329F /* Network.swift in Sources */ = {isa = PBXBuildFile; fileRef = EF0B5AF1275EFD810007329F /* Network.swift */; };
		EF1D6A53277AAE6F009399FA /* Model.xcdatamodeld in Sources */ = {isa = PBXBuildFile; fileRef = EF1D6A51277AAE6F009399FA /* Model.xcdatamodeld */; };
		EF1D6ADD277BCDC1009399FA /* Persistence.swift in Sources */ = {isa = PBXBuildFile; fileRef = EF1D6ADC277BCDC1009399FA /* Persistence.swift */; };
		EF2C91C327740E35002BBCED /* Array+Uniqued.swift in Sources */ = {isa = PBXBuildFile; fileRef = EF2C91C227740E35002BBCED /* Array+Uniqued.swift */; };
		EF68F390276A837C003A0BD9 /* PodDetailView.swift in Sources */ = {isa = PBXBuildFile; fileRef = EF68F38F276A837C003A0BD9 /* PodDetailView.swift */; };
		EF68F392276A83D6003A0BD9 /* PodListView.swift in Sources */ = {isa = PBXBuildFile; fileRef = EF68F391276A83D6003A0BD9 /* PodListView.swift */; };
		EF704C4A276D61A600CE5485 /* Secrets.json in Resources */ = {isa = PBXBuildFile; fileRef = EF704C49276D61A500CE5485 /* Secrets.json */; };
		EF704C4D276D620C00CE5485 /* Secret.swift in Sources */ = {isa = PBXBuildFile; fileRef = EF704C4C276D620C00CE5485 /* Secret.swift */; };
		EF704C55276D790D00CE5485 /* DateFormatter+Extensions.swift in Sources */ = {isa = PBXBuildFile; fileRef = EF704C54276D790D00CE5485 /* DateFormatter+Extensions.swift */; };
		EF704C57276D79D700CE5485 /* DateDecodingStrategy_Extensions.swift in Sources */ = {isa = PBXBuildFile; fileRef = EF704C56276D79D700CE5485 /* DateDecodingStrategy_Extensions.swift */; };
		EF704C59276D7B5500CE5485 /* Date+Extensions.swift in Sources */ = {isa = PBXBuildFile; fileRef = EF704C58276D7B5500CE5485 /* Date+Extensions.swift */; };
		EF704C6B27700F4D00CE5485 /* PodImageView.swift in Sources */ = {isa = PBXBuildFile; fileRef = EF704C6A27700F4D00CE5485 /* PodImageView.swift */; };
		EF704C6D2770102C00CE5485 /* ErrorView.swift in Sources */ = {isa = PBXBuildFile; fileRef = EF704C6C2770102C00CE5485 /* ErrorView.swift */; };
		EF704C6F277011B300CE5485 /* ImageRowView.swift in Sources */ = {isa = PBXBuildFile; fileRef = EF704C6E277011B300CE5485 /* ImageRowView.swift */; };
		EF7116402766C662002D5287 /* get-video.json in Resources */ = {isa = PBXBuildFile; fileRef = EF7116342766C661002D5287 /* get-video.json */; };
		EF7116412766C662002D5287 /* 400-bad-request-1.json in Resources */ = {isa = PBXBuildFile; fileRef = EF7116352766C661002D5287 /* 400-bad-request-1.json */; };
		EF7116422766C662002D5287 /* 400-bad-request-2.json in Resources */ = {isa = PBXBuildFile; fileRef = EF7116362766C661002D5287 /* 400-bad-request-2.json */; };
		EF7116432766C662002D5287 /* 404-no-data.json in Resources */ = {isa = PBXBuildFile; fileRef = EF7116372766C661002D5287 /* 404-no-data.json */; };
		EF7116452766C662002D5287 /* 200-empty-explanation.json in Resources */ = {isa = PBXBuildFile; fileRef = EF7116392766C661002D5287 /* 200-empty-explanation.json */; };
		EF7116462766C662002D5287 /* 403-api-key-missing.json in Resources */ = {isa = PBXBuildFile; fileRef = EF71163A2766C661002D5287 /* 403-api-key-missing.json */; };
		EF7116472766C662002D5287 /* 403-api-key-invalid.json in Resources */ = {isa = PBXBuildFile; fileRef = EF71163B2766C662002D5287 /* 403-api-key-invalid.json */; };
		EF7116482766C662002D5287 /* get-pod.json in Resources */ = {isa = PBXBuildFile; fileRef = EF71163C2766C662002D5287 /* get-pod.json */; };
		EF7116492766C662002D5287 /* get-random-pods.json in Resources */ = {isa = PBXBuildFile; fileRef = EF71163D2766C662002D5287 /* get-random-pods.json */; };
		EF71164A2766C662002D5287 /* get-pods.json in Resources */ = {isa = PBXBuildFile; fileRef = EF71163E2766C662002D5287 /* get-pods.json */; };
		EF71164B2766C662002D5287 /* 200-no-copyright.json in Resources */ = {isa = PBXBuildFile; fileRef = EF71163F2766C662002D5287 /* 200-no-copyright.json */; };
		EF71164D2766CB17002D5287 /* 429-over-rate-limit.json in Resources */ = {isa = PBXBuildFile; fileRef = EF71164C2766CB17002D5287 /* 429-over-rate-limit.json */; };
		EFD4327B27680B3000E3E658 /* File+Extensions.swift in Sources */ = {isa = PBXBuildFile; fileRef = EFD4327A27680B3000E3E658 /* File+Extensions.swift */; };
		EFD4327D27680BEB00E3E658 /* Data+Extensions.swift in Sources */ = {isa = PBXBuildFile; fileRef = EFD4327C27680BEB00E3E658 /* Data+Extensions.swift */; };
		EFD4329227680CB200E3E658 /* SpacePodTests.swift in Sources */ = {isa = PBXBuildFile; fileRef = EFD4329127680CB200E3E658 /* SpacePodTests.swift */; };
		EFED6BD827695D6C00C19797 /* 200-no-urls.json in Resources */ = {isa = PBXBuildFile; fileRef = EFED6BD727695D6C00C19797 /* 200-no-urls.json */; };
		EFED6BDA276A319300C19797 /* 200-copyright-incorrect.json in Resources */ = {isa = PBXBuildFile; fileRef = EFED6BD9276A319200C19797 /* 200-copyright-incorrect.json */; };
/* End PBXBuildFile section */

/* Begin PBXContainerItemProxy section */
		EFD4329327680CB200E3E658 /* PBXContainerItemProxy */ = {
			isa = PBXContainerItemProxy;
			containerPortal = EF0B5AD6275EEEDB0007329F /* Project object */;
			proxyType = 1;
			remoteGlobalIDString = EF0B5ADD275EEEDB0007329F;
			remoteInfo = SpacePod;
		};
/* End PBXContainerItemProxy section */

/* Begin PBXFileReference section */
		EF0B5ADE275EEEDB0007329F /* SpacePod.app */ = {isa = PBXFileReference; explicitFileType = wrapper.application; includeInIndex = 0; path = SpacePod.app; sourceTree = BUILT_PRODUCTS_DIR; };
		EF0B5AE1275EEEDB0007329F /* SpacePodApp.swift */ = {isa = PBXFileReference; lastKnownFileType = sourcecode.swift; path = SpacePodApp.swift; sourceTree = "<group>"; };
		EF0B5AE3275EEEDB0007329F /* ContentView.swift */ = {isa = PBXFileReference; lastKnownFileType = sourcecode.swift; path = ContentView.swift; sourceTree = "<group>"; };
		EF0B5AE5275EEEDD0007329F /* Assets.xcassets */ = {isa = PBXFileReference; lastKnownFileType = folder.assetcatalog; path = Assets.xcassets; sourceTree = "<group>"; };
		EF0B5AE8275EEEDD0007329F /* Preview Assets.xcassets */ = {isa = PBXFileReference; lastKnownFileType = folder.assetcatalog; path = "Preview Assets.xcassets"; sourceTree = "<group>"; };
		EF0B5AEF275EFD6A0007329F /* Pod.swift */ = {isa = PBXFileReference; lastKnownFileType = sourcecode.swift; path = Pod.swift; sourceTree = "<group>"; };
		EF0B5AF1275EFD810007329F /* Network.swift */ = {isa = PBXFileReference; lastKnownFileType = sourcecode.swift; path = Network.swift; sourceTree = "<group>"; };
		EF1D6A52277AAE6F009399FA /* Model.xcdatamodel */ = {isa = PBXFileReference; lastKnownFileType = wrapper.xcdatamodel; path = Model.xcdatamodel; sourceTree = "<group>"; };
		EF1D6A54277AAFDC009399FA /* 27 CoreData Model.md */ = {isa = PBXFileReference; lastKnownFileType = net.daringfireball.markdown; path = "27 CoreData Model.md"; sourceTree = "<group>"; };
		EF1D6ADC277BCDC1009399FA /* Persistence.swift */ = {isa = PBXFileReference; lastKnownFileType = sourcecode.swift; path = Persistence.swift; sourceTree = "<group>"; };
		EF1D6ADE277BCF67009399FA /* 28 CoreData Persistence.md */ = {isa = PBXFileReference; lastKnownFileType = net.daringfireball.markdown; path = "28 CoreData Persistence.md"; sourceTree = "<group>"; };
		EF2215EC27792DE60046E474 /* 26 AccentColor.md */ = {isa = PBXFileReference; lastKnownFileType = net.daringfireball.markdown; path = "26 AccentColor.md"; sourceTree = "<group>"; };
		EF279CF8277284BA00A74296 /* 22 Multiple Previews.md */ = {isa = PBXFileReference; lastKnownFileType = net.daringfireball.markdown; path = "22 Multiple Previews.md"; sourceTree = "<group>"; };
		EF279CF92772875C00A74296 /* 21 SplitView.md */ = {isa = PBXFileReference; lastKnownFileType = net.daringfireball.markdown; path = "21 SplitView.md"; sourceTree = "<group>"; };
		EF279CFA2772878000A74296 /* 20 Video Thumbnails.md */ = {isa = PBXFileReference; lastKnownFileType = net.daringfireball.markdown; path = "20 Video Thumbnails.md"; sourceTree = "<group>"; };
		EF279CFB2772881300A74296 /* 19 AsyncImagePhase.md */ = {isa = PBXFileReference; lastKnownFileType = net.daringfireball.markdown; path = "19 AsyncImagePhase.md"; sourceTree = "<group>"; };
		EF279CFC2772885A00A74296 /* 18 Decode & Format Dates.md */ = {isa = PBXFileReference; lastKnownFileType = net.daringfireball.markdown; path = "18 Decode & Format Dates.md"; sourceTree = "<group>"; };
		EF279CFD2772887C00A74296 /* 17 App Secrets.md */ = {isa = PBXFileReference; lastKnownFileType = net.daringfireball.markdown; path = "17 App Secrets.md"; sourceTree = "<group>"; };
		EF2C91C02773FE60002BBCED /* 23 Obfuscated Logging.md */ = {isa = PBXFileReference; lastKnownFileType = net.daringfireball.markdown; path = "23 Obfuscated Logging.md"; sourceTree = "<group>"; };
		EF2C91C127740837002BBCED /* 24 Infinite List.md */ = {isa = PBXFileReference; lastKnownFileType = net.daringfireball.markdown; path = "24 Infinite List.md"; sourceTree = "<group>"; };
		EF2C91C227740E35002BBCED /* Array+Uniqued.swift */ = {isa = PBXFileReference; lastKnownFileType = sourcecode.swift; path = "Array+Uniqued.swift"; sourceTree = "<group>"; };
		EF68F38F276A837C003A0BD9 /* PodDetailView.swift */ = {isa = PBXFileReference; lastKnownFileType = sourcecode.swift; path = PodDetailView.swift; sourceTree = "<group>"; };
		EF68F391276A83D6003A0BD9 /* PodListView.swift */ = {isa = PBXFileReference; lastKnownFileType = sourcecode.swift; path = PodListView.swift; sourceTree = "<group>"; };
		EF704C48276D614400CE5485 /* .gitignore */ = {isa = PBXFileReference; lastKnownFileType = text; path = .gitignore; sourceTree = "<group>"; };
		EF704C49276D61A500CE5485 /* Secrets.json */ = {isa = PBXFileReference; lastKnownFileType = text.json; path = Secrets.json; sourceTree = "<group>"; };
		EF704C4C276D620C00CE5485 /* Secret.swift */ = {isa = PBXFileReference; lastKnownFileType = sourcecode.swift; path = Secret.swift; sourceTree = "<group>"; };
		EF704C54276D790D00CE5485 /* DateFormatter+Extensions.swift */ = {isa = PBXFileReference; lastKnownFileType = sourcecode.swift; path = "DateFormatter+Extensions.swift"; sourceTree = "<group>"; };
		EF704C56276D79D700CE5485 /* DateDecodingStrategy_Extensions.swift */ = {isa = PBXFileReference; lastKnownFileType = sourcecode.swift; path = DateDecodingStrategy_Extensions.swift; sourceTree = "<group>"; };
		EF704C58276D7B5500CE5485 /* Date+Extensions.swift */ = {isa = PBXFileReference; lastKnownFileType = sourcecode.swift; path = "Date+Extensions.swift"; sourceTree = "<group>"; };
		EF704C6A27700F4D00CE5485 /* PodImageView.swift */ = {isa = PBXFileReference; lastKnownFileType = sourcecode.swift; path = PodImageView.swift; sourceTree = "<group>"; };
		EF704C6C2770102C00CE5485 /* ErrorView.swift */ = {isa = PBXFileReference; lastKnownFileType = sourcecode.swift; path = ErrorView.swift; sourceTree = "<group>"; };
		EF704C6E277011B300CE5485 /* ImageRowView.swift */ = {isa = PBXFileReference; lastKnownFileType = sourcecode.swift; path = ImageRowView.swift; sourceTree = "<group>"; };
		EF7116342766C661002D5287 /* get-video.json */ = {isa = PBXFileReference; fileEncoding = 4; lastKnownFileType = text.json; path = "get-video.json"; sourceTree = "<group>"; };
		EF7116352766C661002D5287 /* 400-bad-request-1.json */ = {isa = PBXFileReference; fileEncoding = 4; lastKnownFileType = text.json; path = "400-bad-request-1.json"; sourceTree = "<group>"; };
		EF7116362766C661002D5287 /* 400-bad-request-2.json */ = {isa = PBXFileReference; fileEncoding = 4; lastKnownFileType = text.json; path = "400-bad-request-2.json"; sourceTree = "<group>"; };
		EF7116372766C661002D5287 /* 404-no-data.json */ = {isa = PBXFileReference; fileEncoding = 4; lastKnownFileType = text.json; path = "404-no-data.json"; sourceTree = "<group>"; };
		EF7116382766C661002D5287 /* nasa.sh */ = {isa = PBXFileReference; fileEncoding = 4; lastKnownFileType = text.script.sh; path = nasa.sh; sourceTree = "<group>"; };
		EF7116392766C661002D5287 /* 200-empty-explanation.json */ = {isa = PBXFileReference; fileEncoding = 4; lastKnownFileType = text.json; path = "200-empty-explanation.json"; sourceTree = "<group>"; };
		EF71163A2766C661002D5287 /* 403-api-key-missing.json */ = {isa = PBXFileReference; fileEncoding = 4; lastKnownFileType = text.json; path = "403-api-key-missing.json"; sourceTree = "<group>"; };
		EF71163B2766C662002D5287 /* 403-api-key-invalid.json */ = {isa = PBXFileReference; fileEncoding = 4; lastKnownFileType = text.json; path = "403-api-key-invalid.json"; sourceTree = "<group>"; };
		EF71163C2766C662002D5287 /* get-pod.json */ = {isa = PBXFileReference; fileEncoding = 4; lastKnownFileType = text.json; path = "get-pod.json"; sourceTree = "<group>"; };
		EF71163D2766C662002D5287 /* get-random-pods.json */ = {isa = PBXFileReference; fileEncoding = 4; lastKnownFileType = text.json; path = "get-random-pods.json"; sourceTree = "<group>"; };
		EF71163E2766C662002D5287 /* get-pods.json */ = {isa = PBXFileReference; fileEncoding = 4; lastKnownFileType = text.json; path = "get-pods.json"; sourceTree = "<group>"; };
		EF71163F2766C662002D5287 /* 200-no-copyright.json */ = {isa = PBXFileReference; fileEncoding = 4; lastKnownFileType = text.json; path = "200-no-copyright.json"; sourceTree = "<group>"; };
		EF71164C2766CB17002D5287 /* 429-over-rate-limit.json */ = {isa = PBXFileReference; fileEncoding = 4; lastKnownFileType = text.json; path = "429-over-rate-limit.json"; sourceTree = "<group>"; };
		EFD4327A27680B3000E3E658 /* File+Extensions.swift */ = {isa = PBXFileReference; lastKnownFileType = sourcecode.swift; path = "File+Extensions.swift"; sourceTree = "<group>"; };
		EFD4327C27680BEB00E3E658 /* Data+Extensions.swift */ = {isa = PBXFileReference; lastKnownFileType = sourcecode.swift; path = "Data+Extensions.swift"; sourceTree = "<group>"; };
		EFD4328F27680CB200E3E658 /* SpacePodTests.xctest */ = {isa = PBXFileReference; explicitFileType = wrapper.cfbundle; includeInIndex = 0; path = SpacePodTests.xctest; sourceTree = BUILT_PRODUCTS_DIR; };
		EFD4329127680CB200E3E658 /* SpacePodTests.swift */ = {isa = PBXFileReference; lastKnownFileType = sourcecode.swift; path = SpacePodTests.swift; sourceTree = "<group>"; };
		EFD432982768237C00E3E658 /* README.md */ = {isa = PBXFileReference; lastKnownFileType = net.daringfireball.markdown; path = README.md; sourceTree = "<group>"; };
		EFEABEAC2774FA6E009E0214 /* 25 Multitasking.md */ = {isa = PBXFileReference; lastKnownFileType = net.daringfireball.markdown; path = "25 Multitasking.md"; sourceTree = "<group>"; };
		EFED6BD727695D6C00C19797 /* 200-no-urls.json */ = {isa = PBXFileReference; fileEncoding = 4; lastKnownFileType = text.json; path = "200-no-urls.json"; sourceTree = "<group>"; };
		EFED6BD9276A319200C19797 /* 200-copyright-incorrect.json */ = {isa = PBXFileReference; fileEncoding = 4; lastKnownFileType = text.json; path = "200-copyright-incorrect.json"; sourceTree = "<group>"; };
/* End PBXFileReference section */

/* Begin PBXFrameworksBuildPhase section */
		EF0B5ADB275EEEDB0007329F /* Frameworks */ = {
			isa = PBXFrameworksBuildPhase;
			buildActionMask = 2147483647;
			files = (
			);
			runOnlyForDeploymentPostprocessing = 0;
		};
		EFD4328C27680CB200E3E658 /* Frameworks */ = {
			isa = PBXFrameworksBuildPhase;
			buildActionMask = 2147483647;
			files = (
			);
			runOnlyForDeploymentPostprocessing = 0;
		};
/* End PBXFrameworksBuildPhase section */

/* Begin PBXGroup section */
		EF0B5AD5275EEEDB0007329F = {
			isa = PBXGroup;
			children = (
				EF1D6A51277AAE6F009399FA /* Model.xcdatamodeld */,
				EF279CF72772848800A74296 /* Notes */,
				EF704C49276D61A500CE5485 /* Secrets.json */,
				EF704C48276D614400CE5485 /* .gitignore */,
				EFD432982768237C00E3E658 /* README.md */,
				EF0B5AE0275EEEDB0007329F /* SpacePod */,
				EFD4329027680CB200E3E658 /* SpacePodTests */,
				EF0B5ADF275EEEDB0007329F /* Products */,
			);
			sourceTree = "<group>";
		};
		EF0B5ADF275EEEDB0007329F /* Products */ = {
			isa = PBXGroup;
			children = (
				EF0B5ADE275EEEDB0007329F /* SpacePod.app */,
				EFD4328F27680CB200E3E658 /* SpacePodTests.xctest */,
			);
			name = Products;
			sourceTree = "<group>";
		};
		EF0B5AE0275EEEDB0007329F /* SpacePod */ = {
			isa = PBXGroup;
			children = (
				EF68F38E276A8365003A0BD9 /* Views */,
				EFD4327927680B1F00E3E658 /* Extensions */,
				EF7116332766C654002D5287 /* Payloads */,
				EF0B5AE1275EEEDB0007329F /* SpacePodApp.swift */,
				EF704C4B276D61F500CE5485 /* Models */,
				EF0B5AE5275EEEDD0007329F /* Assets.xcassets */,
				EF0B5AE7275EEEDD0007329F /* Preview Content */,
				EF1D6AB0277BCD97009399FA /* Controllers */,
			);
			path = SpacePod;
			sourceTree = "<group>";
		};
		EF0B5AE7275EEEDD0007329F /* Preview Content */ = {
			isa = PBXGroup;
			children = (
				EF0B5AE8275EEEDD0007329F /* Preview Assets.xcassets */,
			);
			path = "Preview Content";
			sourceTree = "<group>";
		};
		EF1D6AB0277BCD97009399FA /* Controllers */ = {
			isa = PBXGroup;
			children = (
				EF1D6ADC277BCDC1009399FA /* Persistence.swift */,
				EF0B5AF1275EFD810007329F /* Network.swift */,
			);
			path = Controllers;
			sourceTree = "<group>";
		};
		EF279CF72772848800A74296 /* Notes */ = {
			isa = PBXGroup;
			children = (
				EF279CFD2772887C00A74296 /* 17 App Secrets.md */,
				EF279CFC2772885A00A74296 /* 18 Decode & Format Dates.md */,
				EF279CFB2772881300A74296 /* 19 AsyncImagePhase.md */,
				EF279CFA2772878000A74296 /* 20 Video Thumbnails.md */,
				EF279CF92772875C00A74296 /* 21 SplitView.md */,
				EF279CF8277284BA00A74296 /* 22 Multiple Previews.md */,
				EF2C91C02773FE60002BBCED /* 23 Obfuscated Logging.md */,
				EF2C91C127740837002BBCED /* 24 Infinite List.md */,
				EFEABEAC2774FA6E009E0214 /* 25 Multitasking.md */,
				EF2215EC27792DE60046E474 /* 26 AccentColor.md */,
				EF1D6A54277AAFDC009399FA /* 27 CoreData Model.md */,
				EF1D6ADE277BCF67009399FA /* 28 CoreData Persistence.md */,
			);
			path = Notes;
			sourceTree = "<group>";
		};
		EF68F38E276A8365003A0BD9 /* Views */ = {
			isa = PBXGroup;
			children = (
				EF0B5AE3275EEEDB0007329F /* ContentView.swift */,
				EF68F38F276A837C003A0BD9 /* PodDetailView.swift */,
				EF68F391276A83D6003A0BD9 /* PodListView.swift */,
				EF704C6A27700F4D00CE5485 /* PodImageView.swift */,
				EF704C6C2770102C00CE5485 /* ErrorView.swift */,
				EF704C6E277011B300CE5485 /* ImageRowView.swift */,
			);
			path = Views;
			sourceTree = "<group>";
		};
		EF704C4B276D61F500CE5485 /* Models */ = {
			isa = PBXGroup;
			children = (
				EF0B5AEF275EFD6A0007329F /* Pod.swift */,
				EF704C4C276D620C00CE5485 /* Secret.swift */,
			);
			path = Models;
			sourceTree = "<group>";
		};
		EF7116332766C654002D5287 /* Payloads */ = {
			isa = PBXGroup;
			children = (
				EFED6BD9276A319200C19797 /* 200-copyright-incorrect.json */,
				EF7116392766C661002D5287 /* 200-empty-explanation.json */,
				EF71163F2766C662002D5287 /* 200-no-copyright.json */,
				EFED6BD727695D6C00C19797 /* 200-no-urls.json */,
				EF7116352766C661002D5287 /* 400-bad-request-1.json */,
				EF7116362766C661002D5287 /* 400-bad-request-2.json */,
				EF71163B2766C662002D5287 /* 403-api-key-invalid.json */,
				EF71163A2766C661002D5287 /* 403-api-key-missing.json */,
				EF7116372766C661002D5287 /* 404-no-data.json */,
				EF71164C2766CB17002D5287 /* 429-over-rate-limit.json */,
				EF71163C2766C662002D5287 /* get-pod.json */,
				EF71163E2766C662002D5287 /* get-pods.json */,
				EF71163D2766C662002D5287 /* get-random-pods.json */,
				EF7116342766C661002D5287 /* get-video.json */,
				EF7116382766C661002D5287 /* nasa.sh */,
			);
			path = Payloads;
			sourceTree = "<group>";
		};
		EFD4327927680B1F00E3E658 /* Extensions */ = {
			isa = PBXGroup;
			children = (
				EFD4327A27680B3000E3E658 /* File+Extensions.swift */,
				EFD4327C27680BEB00E3E658 /* Data+Extensions.swift */,
				EF704C54276D790D00CE5485 /* DateFormatter+Extensions.swift */,
				EF704C56276D79D700CE5485 /* DateDecodingStrategy_Extensions.swift */,
				EF704C58276D7B5500CE5485 /* Date+Extensions.swift */,
				EF2C91C227740E35002BBCED /* Array+Uniqued.swift */,
			);
			path = Extensions;
			sourceTree = "<group>";
		};
		EFD4329027680CB200E3E658 /* SpacePodTests */ = {
			isa = PBXGroup;
			children = (
				EFD4329127680CB200E3E658 /* SpacePodTests.swift */,
			);
			path = SpacePodTests;
			sourceTree = "<group>";
		};
/* End PBXGroup section */

/* Begin PBXNativeTarget section */
		EF0B5ADD275EEEDB0007329F /* SpacePod */ = {
			isa = PBXNativeTarget;
			buildConfigurationList = EF0B5AEC275EEEDD0007329F /* Build configuration list for PBXNativeTarget "SpacePod" */;
			buildPhases = (
				EF0B5ADA275EEEDB0007329F /* Sources */,
				EF0B5ADB275EEEDB0007329F /* Frameworks */,
				EF0B5ADC275EEEDB0007329F /* Resources */,
			);
			buildRules = (
			);
			dependencies = (
			);
			name = SpacePod;
			productName = SpacePod;
			productReference = EF0B5ADE275EEEDB0007329F /* SpacePod.app */;
			productType = "com.apple.product-type.application";
		};
		EFD4328E27680CB200E3E658 /* SpacePodTests */ = {
			isa = PBXNativeTarget;
			buildConfigurationList = EFD4329527680CB200E3E658 /* Build configuration list for PBXNativeTarget "SpacePodTests" */;
			buildPhases = (
				EFD4328B27680CB200E3E658 /* Sources */,
				EFD4328C27680CB200E3E658 /* Frameworks */,
				EFD4328D27680CB200E3E658 /* Resources */,
			);
			buildRules = (
			);
			dependencies = (
				EFD4329427680CB200E3E658 /* PBXTargetDependency */,
			);
			name = SpacePodTests;
			productName = SpacePodTests;
			productReference = EFD4328F27680CB200E3E658 /* SpacePodTests.xctest */;
			productType = "com.apple.product-type.bundle.unit-test";
		};
/* End PBXNativeTarget section */

/* Begin PBXProject section */
		EF0B5AD6275EEEDB0007329F /* Project object */ = {
			isa = PBXProject;
			attributes = {
				BuildIndependentTargetsInParallel = 1;
				LastSwiftUpdateCheck = 1310;
				LastUpgradeCheck = 1310;
				TargetAttributes = {
					EF0B5ADD275EEEDB0007329F = {
						CreatedOnToolsVersion = 13.1;
					};
					EFD4328E27680CB200E3E658 = {
						CreatedOnToolsVersion = 13.1;
						TestTargetID = EF0B5ADD275EEEDB0007329F;
					};
				};
			};
			buildConfigurationList = EF0B5AD9275EEEDB0007329F /* Build configuration list for PBXProject "SpacePod" */;
			compatibilityVersion = "Xcode 13.0";
			developmentRegion = en;
			hasScannedForEncodings = 0;
			knownRegions = (
				en,
				Base,
			);
			mainGroup = EF0B5AD5275EEEDB0007329F;
			productRefGroup = EF0B5ADF275EEEDB0007329F /* Products */;
			projectDirPath = "";
			projectRoot = "";
			targets = (
				EF0B5ADD275EEEDB0007329F /* SpacePod */,
				EFD4328E27680CB200E3E658 /* SpacePodTests */,
			);
		};
/* End PBXProject section */

/* Begin PBXResourcesBuildPhase section */
		EF0B5ADC275EEEDB0007329F /* Resources */ = {
			isa = PBXResourcesBuildPhase;
			buildActionMask = 2147483647;
			files = (
				EFED6BDA276A319300C19797 /* 200-copyright-incorrect.json in Resources */,
				EF7116452766C662002D5287 /* 200-empty-explanation.json in Resources */,
				EF71164A2766C662002D5287 /* get-pods.json in Resources */,
				EF7116422766C662002D5287 /* 400-bad-request-2.json in Resources */,
				EF7116402766C662002D5287 /* get-video.json in Resources */,
				EF0B5AE9275EEEDD0007329F /* Preview Assets.xcassets in Resources */,
				EF7116472766C662002D5287 /* 403-api-key-invalid.json in Resources */,
				EF7116492766C662002D5287 /* get-random-pods.json in Resources */,
				EFED6BD827695D6C00C19797 /* 200-no-urls.json in Resources */,
				EF7116412766C662002D5287 /* 400-bad-request-1.json in Resources */,
				EF0B5AE6275EEEDD0007329F /* Assets.xcassets in Resources */,
				EF7116482766C662002D5287 /* get-pod.json in Resources */,
				EF71164B2766C662002D5287 /* 200-no-copyright.json in Resources */,
				EF71164D2766CB17002D5287 /* 429-over-rate-limit.json in Resources */,
				EF7116462766C662002D5287 /* 403-api-key-missing.json in Resources */,
				EF7116432766C662002D5287 /* 404-no-data.json in Resources */,
				EF704C4A276D61A600CE5485 /* Secrets.json in Resources */,
			);
			runOnlyForDeploymentPostprocessing = 0;
		};
		EFD4328D27680CB200E3E658 /* Resources */ = {
			isa = PBXResourcesBuildPhase;
			buildActionMask = 2147483647;
			files = (
			);
			runOnlyForDeploymentPostprocessing = 0;
		};
/* End PBXResourcesBuildPhase section */

/* Begin PBXSourcesBuildPhase section */
		EF0B5ADA275EEEDB0007329F /* Sources */ = {
			isa = PBXSourcesBuildPhase;
			buildActionMask = 2147483647;
			files = (
				EF704C6F277011B300CE5485 /* ImageRowView.swift in Sources */,
				EF68F390276A837C003A0BD9 /* PodDetailView.swift in Sources */,
				EF0B5AE4275EEEDB0007329F /* ContentView.swift in Sources */,
				EF2C91C327740E35002BBCED /* Array+Uniqued.swift in Sources */,
				EF704C57276D79D700CE5485 /* DateDecodingStrategy_Extensions.swift in Sources */,
				EF0B5AE2275EEEDB0007329F /* SpacePodApp.swift in Sources */,
				EF0B5AF2275EFD810007329F /* Network.swift in Sources */,
				EF704C59276D7B5500CE5485 /* Date+Extensions.swift in Sources */,
				EF1D6A53277AAE6F009399FA /* Model.xcdatamodeld in Sources */,
				EF1D6ADD277BCDC1009399FA /* Persistence.swift in Sources */,
				EF704C55276D790D00CE5485 /* DateFormatter+Extensions.swift in Sources */,
				EFD4327D27680BEB00E3E658 /* Data+Extensions.swift in Sources */,
				EF0B5AF0275EFD6A0007329F /* Pod.swift in Sources */,
				EF68F392276A83D6003A0BD9 /* PodListView.swift in Sources */,
				EF704C6B27700F4D00CE5485 /* PodImageView.swift in Sources */,
				EF704C6D2770102C00CE5485 /* ErrorView.swift in Sources */,
				EF704C4D276D620C00CE5485 /* Secret.swift in Sources */,
				EFD4327B27680B3000E3E658 /* File+Extensions.swift in Sources */,
			);
			runOnlyForDeploymentPostprocessing = 0;
		};
		EFD4328B27680CB200E3E658 /* Sources */ = {
			isa = PBXSourcesBuildPhase;
			buildActionMask = 2147483647;
			files = (
				EFD4329227680CB200E3E658 /* SpacePodTests.swift in Sources */,
			);
			runOnlyForDeploymentPostprocessing = 0;
		};
/* End PBXSourcesBuildPhase section */

/* Begin PBXTargetDependency section */
		EFD4329427680CB200E3E658 /* PBXTargetDependency */ = {
			isa = PBXTargetDependency;
			target = EF0B5ADD275EEEDB0007329F /* SpacePod */;
			targetProxy = EFD4329327680CB200E3E658 /* PBXContainerItemProxy */;
		};
/* End PBXTargetDependency section */

/* Begin XCBuildConfiguration section */
		EF0B5AEA275EEEDD0007329F /* Debug */ = {
			isa = XCBuildConfiguration;
			buildSettings = {
				ALWAYS_SEARCH_USER_PATHS = NO;
				CLANG_ANALYZER_NONNULL = YES;
				CLANG_ANALYZER_NUMBER_OBJECT_CONVERSION = YES_AGGRESSIVE;
				CLANG_CXX_LANGUAGE_STANDARD = "gnu++17";
				CLANG_CXX_LIBRARY = "libc++";
				CLANG_ENABLE_MODULES = YES;
				CLANG_ENABLE_OBJC_ARC = YES;
				CLANG_ENABLE_OBJC_WEAK = YES;
				CLANG_WARN_BLOCK_CAPTURE_AUTORELEASING = YES;
				CLANG_WARN_BOOL_CONVERSION = YES;
				CLANG_WARN_COMMA = YES;
				CLANG_WARN_CONSTANT_CONVERSION = YES;
				CLANG_WARN_DEPRECATED_OBJC_IMPLEMENTATIONS = YES;
				CLANG_WARN_DIRECT_OBJC_ISA_USAGE = YES_ERROR;
				CLANG_WARN_DOCUMENTATION_COMMENTS = YES;
				CLANG_WARN_EMPTY_BODY = YES;
				CLANG_WARN_ENUM_CONVERSION = YES;
				CLANG_WARN_INFINITE_RECURSION = YES;
				CLANG_WARN_INT_CONVERSION = YES;
				CLANG_WARN_NON_LITERAL_NULL_CONVERSION = YES;
				CLANG_WARN_OBJC_IMPLICIT_RETAIN_SELF = YES;
				CLANG_WARN_OBJC_LITERAL_CONVERSION = YES;
				CLANG_WARN_OBJC_ROOT_CLASS = YES_ERROR;
				CLANG_WARN_QUOTED_INCLUDE_IN_FRAMEWORK_HEADER = YES;
				CLANG_WARN_RANGE_LOOP_ANALYSIS = YES;
				CLANG_WARN_STRICT_PROTOTYPES = YES;
				CLANG_WARN_SUSPICIOUS_MOVE = YES;
				CLANG_WARN_UNGUARDED_AVAILABILITY = YES_AGGRESSIVE;
				CLANG_WARN_UNREACHABLE_CODE = YES;
				CLANG_WARN__DUPLICATE_METHOD_MATCH = YES;
				COPY_PHASE_STRIP = NO;
				DEBUG_INFORMATION_FORMAT = dwarf;
				ENABLE_STRICT_OBJC_MSGSEND = YES;
				ENABLE_TESTABILITY = YES;
				GCC_C_LANGUAGE_STANDARD = gnu11;
				GCC_DYNAMIC_NO_PIC = NO;
				GCC_NO_COMMON_BLOCKS = YES;
				GCC_OPTIMIZATION_LEVEL = 0;
				GCC_PREPROCESSOR_DEFINITIONS = (
					"DEBUG=1",
					"$(inherited)",
				);
				GCC_WARN_64_TO_32_BIT_CONVERSION = YES;
				GCC_WARN_ABOUT_RETURN_TYPE = YES_ERROR;
				GCC_WARN_UNDECLARED_SELECTOR = YES;
				GCC_WARN_UNINITIALIZED_AUTOS = YES_AGGRESSIVE;
				GCC_WARN_UNUSED_FUNCTION = YES;
				GCC_WARN_UNUSED_VARIABLE = YES;
				IPHONEOS_DEPLOYMENT_TARGET = 15.0;
				MTL_ENABLE_DEBUG_INFO = INCLUDE_SOURCE;
				MTL_FAST_MATH = YES;
				ONLY_ACTIVE_ARCH = YES;
				SDKROOT = iphoneos;
				SWIFT_ACTIVE_COMPILATION_CONDITIONS = DEBUG;
				SWIFT_OPTIMIZATION_LEVEL = "-Onone";
			};
			name = Debug;
		};
		EF0B5AEB275EEEDD0007329F /* Release */ = {
			isa = XCBuildConfiguration;
			buildSettings = {
				ALWAYS_SEARCH_USER_PATHS = NO;
				CLANG_ANALYZER_NONNULL = YES;
				CLANG_ANALYZER_NUMBER_OBJECT_CONVERSION = YES_AGGRESSIVE;
				CLANG_CXX_LANGUAGE_STANDARD = "gnu++17";
				CLANG_CXX_LIBRARY = "libc++";
				CLANG_ENABLE_MODULES = YES;
				CLANG_ENABLE_OBJC_ARC = YES;
				CLANG_ENABLE_OBJC_WEAK = YES;
				CLANG_WARN_BLOCK_CAPTURE_AUTORELEASING = YES;
				CLANG_WARN_BOOL_CONVERSION = YES;
				CLANG_WARN_COMMA = YES;
				CLANG_WARN_CONSTANT_CONVERSION = YES;
				CLANG_WARN_DEPRECATED_OBJC_IMPLEMENTATIONS = YES;
				CLANG_WARN_DIRECT_OBJC_ISA_USAGE = YES_ERROR;
				CLANG_WARN_DOCUMENTATION_COMMENTS = YES;
				CLANG_WARN_EMPTY_BODY = YES;
				CLANG_WARN_ENUM_CONVERSION = YES;
				CLANG_WARN_INFINITE_RECURSION = YES;
				CLANG_WARN_INT_CONVERSION = YES;
				CLANG_WARN_NON_LITERAL_NULL_CONVERSION = YES;
				CLANG_WARN_OBJC_IMPLICIT_RETAIN_SELF = YES;
				CLANG_WARN_OBJC_LITERAL_CONVERSION = YES;
				CLANG_WARN_OBJC_ROOT_CLASS = YES_ERROR;
				CLANG_WARN_QUOTED_INCLUDE_IN_FRAMEWORK_HEADER = YES;
				CLANG_WARN_RANGE_LOOP_ANALYSIS = YES;
				CLANG_WARN_STRICT_PROTOTYPES = YES;
				CLANG_WARN_SUSPICIOUS_MOVE = YES;
				CLANG_WARN_UNGUARDED_AVAILABILITY = YES_AGGRESSIVE;
				CLANG_WARN_UNREACHABLE_CODE = YES;
				CLANG_WARN__DUPLICATE_METHOD_MATCH = YES;
				COPY_PHASE_STRIP = NO;
				DEBUG_INFORMATION_FORMAT = "dwarf-with-dsym";
				ENABLE_NS_ASSERTIONS = NO;
				ENABLE_STRICT_OBJC_MSGSEND = YES;
				GCC_C_LANGUAGE_STANDARD = gnu11;
				GCC_NO_COMMON_BLOCKS = YES;
				GCC_WARN_64_TO_32_BIT_CONVERSION = YES;
				GCC_WARN_ABOUT_RETURN_TYPE = YES_ERROR;
				GCC_WARN_UNDECLARED_SELECTOR = YES;
				GCC_WARN_UNINITIALIZED_AUTOS = YES_AGGRESSIVE;
				GCC_WARN_UNUSED_FUNCTION = YES;
				GCC_WARN_UNUSED_VARIABLE = YES;
				IPHONEOS_DEPLOYMENT_TARGET = 15.0;
				MTL_ENABLE_DEBUG_INFO = NO;
				MTL_FAST_MATH = YES;
				SDKROOT = iphoneos;
				SWIFT_COMPILATION_MODE = wholemodule;
				SWIFT_OPTIMIZATION_LEVEL = "-O";
				VALIDATE_PRODUCT = YES;
			};
			name = Release;
		};
		EF0B5AED275EEEDD0007329F /* Debug */ = {
			isa = XCBuildConfiguration;
			buildSettings = {
				ASSETCATALOG_COMPILER_APPICON_NAME = AppIcon;
				ASSETCATALOG_COMPILER_GLOBAL_ACCENT_COLOR_NAME = AccentColor;
				CODE_SIGN_STYLE = Automatic;
				CURRENT_PROJECT_VERSION = 25;
				DEVELOPMENT_ASSET_PATHS = "\"SpacePod/Preview Content\"";
				DEVELOPMENT_TEAM = 95J2692H9Q;
				ENABLE_PREVIEWS = YES;
				GENERATE_INFOPLIST_FILE = YES;
				INFOPLIST_KEY_UIApplicationSceneManifest_Generation = YES;
				INFOPLIST_KEY_UIApplicationSupportsIndirectInputEvents = YES;
				INFOPLIST_KEY_UILaunchScreen_Generation = YES;
				INFOPLIST_KEY_UISupportedInterfaceOrientations = "UIInterfaceOrientationPortrait UIInterfaceOrientationPortraitUpsideDown UIInterfaceOrientationLandscapeLeft UIInterfaceOrientationLandscapeRight";
				INFOPLIST_KEY_UISupportedInterfaceOrientations_iPad = "UIInterfaceOrientationPortrait UIInterfaceOrientationPortraitUpsideDown UIInterfaceOrientationLandscapeLeft UIInterfaceOrientationLandscapeRight";
				INFOPLIST_KEY_UISupportedInterfaceOrientations_iPhone = "UIInterfaceOrientationPortrait UIInterfaceOrientationLandscapeLeft UIInterfaceOrientationLandscapeRight";
				LD_RUNPATH_SEARCH_PATHS = (
					"$(inherited)",
					"@executable_path/Frameworks",
				);
				MARKETING_VERSION = 1.0;
				PRODUCT_BUNDLE_IDENTIFIER = com.umbrellc.SpacePod;
				PRODUCT_NAME = "$(TARGET_NAME)";
				SWIFT_EMIT_LOC_STRINGS = YES;
				SWIFT_VERSION = 5.0;
				TARGETED_DEVICE_FAMILY = "1,2";
			};
			name = Debug;
		};
		EF0B5AEE275EEEDD0007329F /* Release */ = {
			isa = XCBuildConfiguration;
			buildSettings = {
				ASSETCATALOG_COMPILER_APPICON_NAME = AppIcon;
				ASSETCATALOG_COMPILER_GLOBAL_ACCENT_COLOR_NAME = AccentColor;
				CODE_SIGN_STYLE = Automatic;
				CURRENT_PROJECT_VERSION = 25;
				DEVELOPMENT_ASSET_PATHS = "\"SpacePod/Preview Content\"";
				DEVELOPMENT_TEAM = 95J2692H9Q;
				ENABLE_PREVIEWS = YES;
				GENERATE_INFOPLIST_FILE = YES;
				INFOPLIST_KEY_UIApplicationSceneManifest_Generation = YES;
				INFOPLIST_KEY_UIApplicationSupportsIndirectInputEvents = YES;
				INFOPLIST_KEY_UILaunchScreen_Generation = YES;
				INFOPLIST_KEY_UISupportedInterfaceOrientations = "UIInterfaceOrientationPortrait UIInterfaceOrientationPortraitUpsideDown UIInterfaceOrientationLandscapeLeft UIInterfaceOrientationLandscapeRight";
				INFOPLIST_KEY_UISupportedInterfaceOrientations_iPad = "UIInterfaceOrientationPortrait UIInterfaceOrientationPortraitUpsideDown UIInterfaceOrientationLandscapeLeft UIInterfaceOrientationLandscapeRight";
				INFOPLIST_KEY_UISupportedInterfaceOrientations_iPhone = "UIInterfaceOrientationPortrait UIInterfaceOrientationLandscapeLeft UIInterfaceOrientationLandscapeRight";
				LD_RUNPATH_SEARCH_PATHS = (
					"$(inherited)",
					"@executable_path/Frameworks",
				);
				MARKETING_VERSION = 1.0;
				PRODUCT_BUNDLE_IDENTIFIER = com.umbrellc.SpacePod;
				PRODUCT_NAME = "$(TARGET_NAME)";
				SWIFT_EMIT_LOC_STRINGS = YES;
				SWIFT_VERSION = 5.0;
				TARGETED_DEVICE_FAMILY = "1,2";
			};
			name = Release;
		};
		EFD4329627680CB200E3E658 /* Debug */ = {
			isa = XCBuildConfiguration;
			buildSettings = {
				BUNDLE_LOADER = "$(TEST_HOST)";
				CODE_SIGN_STYLE = Automatic;
				CURRENT_PROJECT_VERSION = 1;
				DEVELOPMENT_TEAM = 95J2692H9Q;
				GENERATE_INFOPLIST_FILE = YES;
				LD_RUNPATH_SEARCH_PATHS = (
					"$(inherited)",
					"@executable_path/Frameworks",
					"@loader_path/Frameworks",
				);
				MARKETING_VERSION = 1.0;
				PRODUCT_BUNDLE_IDENTIFIER = com.umbrellc.SpacePodTests;
				PRODUCT_NAME = "$(TARGET_NAME)";
				SWIFT_EMIT_LOC_STRINGS = NO;
				SWIFT_VERSION = 5.0;
				TARGETED_DEVICE_FAMILY = "1,2";
				TEST_HOST = "$(BUILT_PRODUCTS_DIR)/SpacePod.app/SpacePod";
			};
			name = Debug;
		};
		EFD4329727680CB200E3E658 /* Release */ = {
			isa = XCBuildConfiguration;
			buildSettings = {
				BUNDLE_LOADER = "$(TEST_HOST)";
				CODE_SIGN_STYLE = Automatic;
				CURRENT_PROJECT_VERSION = 1;
				DEVELOPMENT_TEAM = 95J2692H9Q;
				GENERATE_INFOPLIST_FILE = YES;
				LD_RUNPATH_SEARCH_PATHS = (
					"$(inherited)",
					"@executable_path/Frameworks",
					"@loader_path/Frameworks",
				);
				MARKETING_VERSION = 1.0;
				PRODUCT_BUNDLE_IDENTIFIER = com.umbrellc.SpacePodTests;
				PRODUCT_NAME = "$(TARGET_NAME)";
				SWIFT_EMIT_LOC_STRINGS = NO;
				SWIFT_VERSION = 5.0;
				TARGETED_DEVICE_FAMILY = "1,2";
				TEST_HOST = "$(BUILT_PRODUCTS_DIR)/SpacePod.app/SpacePod";
			};
			name = Release;
		};
/* End XCBuildConfiguration section */

/* Begin XCConfigurationList section */
		EF0B5AD9275EEEDB0007329F /* Build configuration list for PBXProject "SpacePod" */ = {
			isa = XCConfigurationList;
			buildConfigurations = (
				EF0B5AEA275EEEDD0007329F /* Debug */,
				EF0B5AEB275EEEDD0007329F /* Release */,
			);
			defaultConfigurationIsVisible = 0;
			defaultConfigurationName = Release;
		};
		EF0B5AEC275EEEDD0007329F /* Build configuration list for PBXNativeTarget "SpacePod" */ = {
			isa = XCConfigurationList;
			buildConfigurations = (
				EF0B5AED275EEEDD0007329F /* Debug */,
				EF0B5AEE275EEEDD0007329F /* Release */,
			);
			defaultConfigurationIsVisible = 0;
			defaultConfigurationName = Release;
		};
		EFD4329527680CB200E3E658 /* Build configuration list for PBXNativeTarget "SpacePodTests" */ = {
			isa = XCConfigurationList;
			buildConfigurations = (
				EFD4329627680CB200E3E658 /* Debug */,
				EFD4329727680CB200E3E658 /* Release */,
			);
			defaultConfigurationIsVisible = 0;
			defaultConfigurationName = Release;
		};
/* End XCConfigurationList section */

/* Begin XCVersionGroup section */
		EF1D6A51277AAE6F009399FA /* Model.xcdatamodeld */ = {
			isa = XCVersionGroup;
			children = (
				EF1D6A52277AAE6F009399FA /* Model.xcdatamodel */,
			);
			currentVersion = EF1D6A52277AAE6F009399FA /* Model.xcdatamodel */;
			path = Model.xcdatamodeld;
			sourceTree = "<group>";
			versionGroupType = wrapper.xcdatamodel;
		};
/* End XCVersionGroup section */
	};
	rootObject = EF0B5AD6275EEEDB0007329F /* Project object */;
}
